
Microsoft Visual Studio Solution File, Format Version 12.00
# Visual Studio Version 16
VisualStudioVersion = 16.0.29503.13
MinimumVisualStudioVersion = 10.0.40219.1
Project("{FAE04EC0-301F-11D3-BF4B-00C04F79EFBC}") = "TestDevOps", "./TestDevOps/TestDevOps.csproj", "{A8EC0CA2-34A5-429B-B383-9D5D6D77000E}"
EndProject
Global
	GlobalSection(SolutionConfigurationPlatforms) = preSolution
		Debug|Any CPU = Debug|Any CPU
		Release|Any CPU = Release|Any CPU
	EndGlobalSection
	GlobalSection(ProjectConfigurationPlatforms) = postSolution
		{A8EC0CA2-34A5-429B-B383-9D5D6D77000E}.Debug|Any CPU.ActiveCfg = Debug|Any CPU
		{A8EC0CA2-34A5-429B-B383-9D5D6D77000E}.Debug|Any CPU.Build.0 = Debug|Any CPU
		{A8EC0CA2-34A5-429B-B383-9D5D6D77000E}.Release|Any CPU.ActiveCfg = Release|Any CPU
		{A8EC0CA2-34A5-429B-B383-9D5D6D77000E}.Release|Any CPU.Build.0 = Release|Any CPU
	EndGlobalSection
	GlobalSection(SolutionProperties) = preSolution
		HideSolutionNode = FALSE
	EndGlobalSection
	GlobalSection(ExtensibilityGlobals) = postSolution
		SolutionGuid = {A243B797-1F36-4E28-B66E-737E472F36BE}
	EndGlobalSection
EndGlobal
